// !$*UTF8*$!
{
	archiveVersion = 1;
	classes = {
	};
	objectVersion = 50;
	objects = {

/* Begin PBXBuildFile section */
		BCA6B26E2693EC21008EAA35 /* AppDelegate.swift in Sources */ = {isa = PBXBuildFile; fileRef = BCA6B26D2693EC21008EAA35 /* AppDelegate.swift */; };
		BCA6B2702693EC21008EAA35 /* SceneDelegate.swift in Sources */ = {isa = PBXBuildFile; fileRef = BCA6B26F2693EC21008EAA35 /* SceneDelegate.swift */; };
		BCA6B2722693EC21008EAA35 /* ViewController.swift in Sources */ = {isa = PBXBuildFile; fileRef = BCA6B2712693EC21008EAA35 /* ViewController.swift */; };
		BCA6B2752693EC21008EAA35 /* Main.storyboard in Resources */ = {isa = PBXBuildFile; fileRef = BCA6B2732693EC21008EAA35 /* Main.storyboard */; };
		BCA6B2772693EC27008EAA35 /* Assets.xcassets in Resources */ = {isa = PBXBuildFile; fileRef = BCA6B2762693EC27008EAA35 /* Assets.xcassets */; };
		BCA6B27A2693EC27008EAA35 /* LaunchScreen.storyboard in Resources */ = {isa = PBXBuildFile; fileRef = BCA6B2782693EC27008EAA35 /* LaunchScreen.storyboard */; };
		BCA6B2852693EC27008EAA35 /* DesignPatternsTests.swift in Sources */ = {isa = PBXBuildFile; fileRef = BCA6B2842693EC27008EAA35 /* DesignPatternsTests.swift */; };
		BCA6B2902693EC27008EAA35 /* DesignPatternsUITests.swift in Sources */ = {isa = PBXBuildFile; fileRef = BCA6B28F2693EC27008EAA35 /* DesignPatternsUITests.swift */; };
/* End PBXBuildFile section */

/* Begin PBXContainerItemProxy section */
		BCA6B2812693EC27008EAA35 /* PBXContainerItemProxy */ = {
			isa = PBXContainerItemProxy;
			containerPortal = BCA6B2622693EC21008EAA35 /* Project object */;
			proxyType = 1;
			remoteGlobalIDString = BCA6B2692693EC21008EAA35;
			remoteInfo = DesignPatterns;
		};
		BCA6B28C2693EC27008EAA35 /* PBXContainerItemProxy */ = {
			isa = PBXContainerItemProxy;
			containerPortal = BCA6B2622693EC21008EAA35 /* Project object */;
			proxyType = 1;
			remoteGlobalIDString = BCA6B2692693EC21008EAA35;
			remoteInfo = DesignPatterns;
		};
/* End PBXContainerItemProxy section */

/* Begin PBXFileReference section */
		BCA6B26A2693EC21008EAA35 /* DesignPatterns.app */ = {isa = PBXFileReference; explicitFileType = wrapper.application; includeInIndex = 0; path = DesignPatterns.app; sourceTree = BUILT_PRODUCTS_DIR; };
		BCA6B26D2693EC21008EAA35 /* AppDelegate.swift */ = {isa = PBXFileReference; lastKnownFileType = sourcecode.swift; path = AppDelegate.swift; sourceTree = "<group>"; };
		BCA6B26F2693EC21008EAA35 /* SceneDelegate.swift */ = {isa = PBXFileReference; lastKnownFileType = sourcecode.swift; path = SceneDelegate.swift; sourceTree = "<group>"; };
		BCA6B2712693EC21008EAA35 /* ViewController.swift */ = {isa = PBXFileReference; lastKnownFileType = sourcecode.swift; path = ViewController.swift; sourceTree = "<group>"; };
		BCA6B2742693EC21008EAA35 /* Base */ = {isa = PBXFileReference; lastKnownFileType = file.storyboard; name = Base; path = Base.lproj/Main.storyboard; sourceTree = "<group>"; };
		BCA6B2762693EC27008EAA35 /* Assets.xcassets */ = {isa = PBXFileReference; lastKnownFileType = folder.assetcatalog; path = Assets.xcassets; sourceTree = "<group>"; };
		BCA6B2792693EC27008EAA35 /* Base */ = {isa = PBXFileReference; lastKnownFileType = file.storyboard; name = Base; path = Base.lproj/LaunchScreen.storyboard; sourceTree = "<group>"; };
		BCA6B27B2693EC27008EAA35 /* Info.plist */ = {isa = PBXFileReference; lastKnownFileType = text.plist.xml; path = Info.plist; sourceTree = "<group>"; };
		BCA6B2802693EC27008EAA35 /* DesignPatternsTests.xctest */ = {isa = PBXFileReference; explicitFileType = wrapper.cfbundle; includeInIndex = 0; path = DesignPatternsTests.xctest; sourceTree = BUILT_PRODUCTS_DIR; };
		BCA6B2842693EC27008EAA35 /* DesignPatternsTests.swift */ = {isa = PBXFileReference; lastKnownFileType = sourcecode.swift; path = DesignPatternsTests.swift; sourceTree = "<group>"; };
		BCA6B2862693EC27008EAA35 /* Info.plist */ = {isa = PBXFileReference; lastKnownFileType = text.plist.xml; path = Info.plist; sourceTree = "<group>"; };
		BCA6B28B2693EC27008EAA35 /* DesignPatternsUITests.xctest */ = {isa = PBXFileReference; explicitFileType = wrapper.cfbundle; includeInIndex = 0; path = DesignPatternsUITests.xctest; sourceTree = BUILT_PRODUCTS_DIR; };
		BCA6B28F2693EC27008EAA35 /* DesignPatternsUITests.swift */ = {isa = PBXFileReference; lastKnownFileType = sourcecode.swift; path = DesignPatternsUITests.swift; sourceTree = "<group>"; };
		BCA6B2912693EC27008EAA35 /* Info.plist */ = {isa = PBXFileReference; lastKnownFileType = text.plist.xml; path = Info.plist; sourceTree = "<group>"; };
/* End PBXFileReference section */

/* Begin PBXFrameworksBuildPhase section */
		BCA6B2672693EC21008EAA35 /* Frameworks */ = {
			isa = PBXFrameworksBuildPhase;
			buildActionMask = 2147483647;
			files = (
			);
			runOnlyForDeploymentPostprocessing = 0;
		};
		BCA6B27D2693EC27008EAA35 /* Frameworks */ = {
			isa = PBXFrameworksBuildPhase;
			buildActionMask = 2147483647;
			files = (
			);
			runOnlyForDeploymentPostprocessing = 0;
		};
		BCA6B2882693EC27008EAA35 /* Frameworks */ = {
			isa = PBXFrameworksBuildPhase;
			buildActionMask = 2147483647;
			files = (
			);
			runOnlyForDeploymentPostprocessing = 0;
		};
/* End PBXFrameworksBuildPhase section */

/* Begin PBXGroup section */
		BCA6B2612693EC21008EAA35 = {
			isa = PBXGroup;
			children = (
				BCA6B26C2693EC21008EAA35 /* DesignPatterns */,
				BCA6B2832693EC27008EAA35 /* DesignPatternsTests */,
				BCA6B28E2693EC27008EAA35 /* DesignPatternsUITests */,
				BCA6B26B2693EC21008EAA35 /* Products */,
			);
			sourceTree = "<group>";
		};
		BCA6B26B2693EC21008EAA35 /* Products */ = {
			isa = PBXGroup;
			children = (
				BCA6B26A2693EC21008EAA35 /* DesignPatterns.app */,
				BCA6B2802693EC27008EAA35 /* DesignPatternsTests.xctest */,
				BCA6B28B2693EC27008EAA35 /* DesignPatternsUITests.xctest */,
			);
			name = Products;
			sourceTree = "<group>";
		};
		BCA6B26C2693EC21008EAA35 /* DesignPatterns */ = {
			isa = PBXGroup;
			children = (
				BCA6B26D2693EC21008EAA35 /* AppDelegate.swift */,
				BCA6B26F2693EC21008EAA35 /* SceneDelegate.swift */,
				BCA6B2712693EC21008EAA35 /* ViewController.swift */,
				BCA6B2732693EC21008EAA35 /* Main.storyboard */,
				BCA6B2762693EC27008EAA35 /* Assets.xcassets */,
				BCA6B2782693EC27008EAA35 /* LaunchScreen.storyboard */,
				BCA6B27B2693EC27008EAA35 /* Info.plist */,
			);
			path = DesignPatterns;
			sourceTree = "<group>";
		};
		BCA6B2832693EC27008EAA35 /* DesignPatternsTests */ = {
			isa = PBXGroup;
			children = (
				BCA6B2842693EC27008EAA35 /* DesignPatternsTests.swift */,
				BCA6B2862693EC27008EAA35 /* Info.plist */,
			);
			path = DesignPatternsTests;
			sourceTree = "<group>";
		};
		BCA6B28E2693EC27008EAA35 /* DesignPatternsUITests */ = {
			isa = PBXGroup;
			children = (
				BCA6B28F2693EC27008EAA35 /* DesignPatternsUITests.swift */,
				BCA6B2912693EC27008EAA35 /* Info.plist */,
			);
			path = DesignPatternsUITests;
			sourceTree = "<group>";
		};
/* End PBXGroup section */

/* Begin PBXNativeTarget section */
		BCA6B2692693EC21008EAA35 /* DesignPatterns */ = {
			isa = PBXNativeTarget;
			buildConfigurationList = BCA6B2942693EC27008EAA35 /* Build configuration list for PBXNativeTarget "DesignPatterns" */;
			buildPhases = (
				BCA6B2662693EC21008EAA35 /* Sources */,
				BCA6B2672693EC21008EAA35 /* Frameworks */,
				BCA6B2682693EC21008EAA35 /* Resources */,
			);
			buildRules = (
			);
			dependencies = (
			);
			name = DesignPatterns;
			productName = DesignPatterns;
			productReference = BCA6B26A2693EC21008EAA35 /* DesignPatterns.app */;
			productType = "com.apple.product-type.application";
		};
		BCA6B27F2693EC27008EAA35 /* DesignPatternsTests */ = {
			isa = PBXNativeTarget;
			buildConfigurationList = BCA6B2972693EC27008EAA35 /* Build configuration list for PBXNativeTarget "DesignPatternsTests" */;
			buildPhases = (
				BCA6B27C2693EC27008EAA35 /* Sources */,
				BCA6B27D2693EC27008EAA35 /* Frameworks */,
				BCA6B27E2693EC27008EAA35 /* Resources */,
			);
			buildRules = (
			);
			dependencies = (
				BCA6B2822693EC27008EAA35 /* PBXTargetDependency */,
			);
			name = DesignPatternsTests;
			productName = DesignPatternsTests;
			productReference = BCA6B2802693EC27008EAA35 /* DesignPatternsTests.xctest */;
			productType = "com.apple.product-type.bundle.unit-test";
		};
		BCA6B28A2693EC27008EAA35 /* DesignPatternsUITests */ = {
			isa = PBXNativeTarget;
			buildConfigurationList = BCA6B29A2693EC27008EAA35 /* Build configuration list for PBXNativeTarget "DesignPatternsUITests" */;
			buildPhases = (
				BCA6B2872693EC27008EAA35 /* Sources */,
				BCA6B2882693EC27008EAA35 /* Frameworks */,
				BCA6B2892693EC27008EAA35 /* Resources */,
			);
			buildRules = (
			);
			dependencies = (
				BCA6B28D2693EC27008EAA35 /* PBXTargetDependency */,
			);
			name = DesignPatternsUITests;
			productName = DesignPatternsUITests;
			productReference = BCA6B28B2693EC27008EAA35 /* DesignPatternsUITests.xctest */;
			productType = "com.apple.product-type.bundle.ui-testing";
		};
/* End PBXNativeTarget section */

/* Begin PBXProject section */
		BCA6B2622693EC21008EAA35 /* Project object */ = {
			isa = PBXProject;
			attributes = {
				LastSwiftUpdateCheck = 1250;
				LastUpgradeCheck = 1250;
				TargetAttributes = {
					BCA6B2692693EC21008EAA35 = {
						CreatedOnToolsVersion = 12.5.1;
					};
					BCA6B27F2693EC27008EAA35 = {
						CreatedOnToolsVersion = 12.5.1;
						TestTargetID = BCA6B2692693EC21008EAA35;
					};
					BCA6B28A2693EC27008EAA35 = {
						CreatedOnToolsVersion = 12.5.1;
						TestTargetID = BCA6B2692693EC21008EAA35;
					};
				};
			};
			buildConfigurationList = BCA6B2652693EC21008EAA35 /* Build configuration list for PBXProject "DesignPatterns" */;
			compatibilityVersion = "Xcode 9.3";
			developmentRegion = en;
			hasScannedForEncodings = 0;
			knownRegions = (
				en,
				Base,
			);
			mainGroup = BCA6B2612693EC21008EAA35;
			productRefGroup = BCA6B26B2693EC21008EAA35 /* Products */;
			projectDirPath = "";
			projectRoot = "";
			targets = (
				BCA6B2692693EC21008EAA35 /* DesignPatterns */,
				BCA6B27F2693EC27008EAA35 /* DesignPatternsTests */,
				BCA6B28A2693EC27008EAA35 /* DesignPatternsUITests */,
			);
		};
/* End PBXProject section */

/* Begin PBXResourcesBuildPhase section */
		BCA6B2682693EC21008EAA35 /* Resources */ = {
			isa = PBXResourcesBuildPhase;
			buildActionMask = 2147483647;
			files = (
				BCA6B27A2693EC27008EAA35 /* LaunchScreen.storyboard in Resources */,
				BCA6B2772693EC27008EAA35 /* Assets.xcassets in Resources */,
				BCA6B2752693EC21008EAA35 /* Main.storyboard in Resources */,
			);
			runOnlyForDeploymentPostprocessing = 0;
		};
		BCA6B27E2693EC27008EAA35 /* Resources */ = {
			isa = PBXResourcesBuildPhase;
			buildActionMask = 2147483647;
			files = (
			);
			runOnlyForDeploymentPostprocessing = 0;
		};
		BCA6B2892693EC27008EAA35 /* Resources */ = {
			isa = PBXResourcesBuildPhase;
			buildActionMask = 2147483647;
			files = (
			);
			runOnlyForDeploymentPostprocessing = 0;
		};
/* End PBXResourcesBuildPhase section */

/* Begin PBXSourcesBuildPhase section */
		BCA6B2662693EC21008EAA35 /* Sources */ = {
			isa = PBXSourcesBuildPhase;
			buildActionMask = 2147483647;
			files = (
				BCA6B2722693EC21008EAA35 /* ViewController.swift in Sources */,
				BCA6B26E2693EC21008EAA35 /* AppDelegate.swift in Sources */,
				BCA6B2702693EC21008EAA35 /* SceneDelegate.swift in Sources */,
			);
			runOnlyForDeploymentPostprocessing = 0;
		};
		BCA6B27C2693EC27008EAA35 /* Sources */ = {
			isa = PBXSourcesBuildPhase;
			buildActionMask = 2147483647;
			files = (
				BCA6B2852693EC27008EAA35 /* DesignPatternsTests.swift in Sources */,
			);
			runOnlyForDeploymentPostprocessing = 0;
		};
		BCA6B2872693EC27008EAA35 /* Sources */ = {
			isa = PBXSourcesBuildPhase;
			buildActionMask = 2147483647;
			files = (
				BCA6B2902693EC27008EAA35 /* DesignPatternsUITests.swift in Sources */,
			);
			runOnlyForDeploymentPostprocessing = 0;
		};
/* End PBXSourcesBuildPhase section */

/* Begin PBXTargetDependency section */
		BCA6B2822693EC27008EAA35 /* PBXTargetDependency */ = {
			isa = PBXTargetDependency;
			target = BCA6B2692693EC21008EAA35 /* DesignPatterns */;
			targetProxy = BCA6B2812693EC27008EAA35 /* PBXContainerItemProxy */;
		};
		BCA6B28D2693EC27008EAA35 /* PBXTargetDependency */ = {
			isa = PBXTargetDependency;
			target = BCA6B2692693EC21008EAA35 /* DesignPatterns */;
			targetProxy = BCA6B28C2693EC27008EAA35 /* PBXContainerItemProxy */;
		};
/* End PBXTargetDependency section */

/* Begin PBXVariantGroup section */
		BCA6B2732693EC21008EAA35 /* Main.storyboard */ = {
			isa = PBXVariantGroup;
			children = (
				BCA6B2742693EC21008EAA35 /* Base */,
			);
			name = Main.storyboard;
			sourceTree = "<group>";
		};
		BCA6B2782693EC27008EAA35 /* LaunchScreen.storyboard */ = {
			isa = PBXVariantGroup;
			children = (
				BCA6B2792693EC27008EAA35 /* Base */,
			);
			name = LaunchScreen.storyboard;
			sourceTree = "<group>";
		};
/* End PBXVariantGroup section */

/* Begin XCBuildConfiguration section */
		BCA6B2922693EC27008EAA35 /* Debug */ = {
			isa = XCBuildConfiguration;
			buildSettings = {
				ALWAYS_SEARCH_USER_PATHS = NO;
				CLANG_ANALYZER_NONNULL = YES;
				CLANG_ANALYZER_NUMBER_OBJECT_CONVERSION = YES_AGGRESSIVE;
				CLANG_CXX_LANGUAGE_STANDARD = "gnu++14";
				CLANG_CXX_LIBRARY = "libc++";
				CLANG_ENABLE_MODULES = YES;
				CLANG_ENABLE_OBJC_ARC = YES;
				CLANG_ENABLE_OBJC_WEAK = YES;
				CLANG_WARN_BLOCK_CAPTURE_AUTORELEASING = YES;
				CLANG_WARN_BOOL_CONVERSION = YES;
				CLANG_WARN_COMMA = YES;
				CLANG_WARN_CONSTANT_CONVERSION = YES;
				CLANG_WARN_DEPRECATED_OBJC_IMPLEMENTATIONS = YES;
				CLANG_WARN_DIRECT_OBJC_ISA_USAGE = YES_ERROR;
				CLANG_WARN_DOCUMENTATION_COMMENTS = YES;
				CLANG_WARN_EMPTY_BODY = YES;
				CLANG_WARN_ENUM_CONVERSION = YES;
				CLANG_WARN_INFINITE_RECURSION = YES;
				CLANG_WARN_INT_CONVERSION = YES;
				CLANG_WARN_NON_LITERAL_NULL_CONVERSION = YES;
				CLANG_WARN_OBJC_IMPLICIT_RETAIN_SELF = YES;
				CLANG_WARN_OBJC_LITERAL_CONVERSION = YES;
				CLANG_WARN_OBJC_ROOT_CLASS = YES_ERROR;
				CLANG_WARN_QUOTED_INCLUDE_IN_FRAMEWORK_HEADER = YES;
				CLANG_WARN_RANGE_LOOP_ANALYSIS = YES;
				CLANG_WARN_STRICT_PROTOTYPES = YES;
				CLANG_WARN_SUSPICIOUS_MOVE = YES;
				CLANG_WARN_UNGUARDED_AVAILABILITY = YES_AGGRESSIVE;
				CLANG_WARN_UNREACHABLE_CODE = YES;
				CLANG_WARN__DUPLICATE_METHOD_MATCH = YES;
				COPY_PHASE_STRIP = NO;
				DEBUG_INFORMATION_FORMAT = dwarf;
				ENABLE_STRICT_OBJC_MSGSEND = YES;
				ENABLE_TESTABILITY = YES;
				GCC_C_LANGUAGE_STANDARD = gnu11;
				GCC_DYNAMIC_NO_PIC = NO;
				GCC_NO_COMMON_BLOCKS = YES;
				GCC_OPTIMIZATION_LEVEL = 0;
				GCC_PREPROCESSOR_DEFINITIONS = (
					"DEBUG=1",
					"$(inherited)",
				);
				GCC_WARN_64_TO_32_BIT_CONVERSION = YES;
				GCC_WARN_ABOUT_RETURN_TYPE = YES_ERROR;
				GCC_WARN_UNDECLARED_SELECTOR = YES;
				GCC_WARN_UNINITIALIZED_AUTOS = YES_AGGRESSIVE;
				GCC_WARN_UNUSED_FUNCTION = YES;
				GCC_WARN_UNUSED_VARIABLE = YES;
				IPHONEOS_DEPLOYMENT_TARGET = 14.5;
				MTL_ENABLE_DEBUG_INFO = INCLUDE_SOURCE;
				MTL_FAST_MATH = YES;
				ONLY_ACTIVE_ARCH = YES;
				SDKROOT = iphoneos;
				SWIFT_ACTIVE_COMPILATION_CONDITIONS = DEBUG;
				SWIFT_OPTIMIZATION_LEVEL = "-Onone";
			};
			name = Debug;
		};
		BCA6B2932693EC27008EAA35 /* Release */ = {
			isa = XCBuildConfiguration;
			buildSettings = {
				ALWAYS_SEARCH_USER_PATHS = NO;
				CLANG_ANALYZER_NONNULL = YES;
				CLANG_ANALYZER_NUMBER_OBJECT_CONVERSION = YES_AGGRESSIVE;
				CLANG_CXX_LANGUAGE_STANDARD = "gnu++14";
				CLANG_CXX_LIBRARY = "libc++";
				CLANG_ENABLE_MODULES = YES;
				CLANG_ENABLE_OBJC_ARC = YES;
				CLANG_ENABLE_OBJC_WEAK = YES;
				CLANG_WARN_BLOCK_CAPTURE_AUTORELEASING = YES;
				CLANG_WARN_BOOL_CONVERSION = YES;
				CLANG_WARN_COMMA = YES;
				CLANG_WARN_CONSTANT_CONVERSION = YES;
				CLANG_WARN_DEPRECATED_OBJC_IMPLEMENTATIONS = YES;
				CLANG_WARN_DIRECT_OBJC_ISA_USAGE = YES_ERROR;
				CLANG_WARN_DOCUMENTATION_COMMENTS = YES;
				CLANG_WARN_EMPTY_BODY = YES;
				CLANG_WARN_ENUM_CONVERSION = YES;
				CLANG_WARN_INFINITE_RECURSION = YES;
				CLANG_WARN_INT_CONVERSION = YES;
				CLANG_WARN_NON_LITERAL_NULL_CONVERSION = YES;
				CLANG_WARN_OBJC_IMPLICIT_RETAIN_SELF = YES;
				CLANG_WARN_OBJC_LITERAL_CONVERSION = YES;
				CLANG_WARN_OBJC_ROOT_CLASS = YES_ERROR;
				CLANG_WARN_QUOTED_INCLUDE_IN_FRAMEWORK_HEADER = YES;
				CLANG_WARN_RANGE_LOOP_ANALYSIS = YES;
				CLANG_WARN_STRICT_PROTOTYPES = YES;
				CLANG_WARN_SUSPICIOUS_MOVE = YES;
				CLANG_WARN_UNGUARDED_AVAILABILITY = YES_AGGRESSIVE;
				CLANG_WARN_UNREACHABLE_CODE = YES;
				CLANG_WARN__DUPLICATE_METHOD_MATCH = YES;
				COPY_PHASE_STRIP = NO;
				DEBUG_INFORMATION_FORMAT = "dwarf-with-dsym";
				ENABLE_NS_ASSERTIONS = NO;
				ENABLE_STRICT_OBJC_MSGSEND = YES;
				GCC_C_LANGUAGE_STANDARD = gnu11;
				GCC_NO_COMMON_BLOCKS = YES;
				GCC_WARN_64_TO_32_BIT_CONVERSION = YES;
				GCC_WARN_ABOUT_RETURN_TYPE = YES_ERROR;
				GCC_WARN_UNDECLARED_SELECTOR = YES;
				GCC_WARN_UNINITIALIZED_AUTOS = YES_AGGRESSIVE;
				GCC_WARN_UNUSED_FUNCTION = YES;
				GCC_WARN_UNUSED_VARIABLE = YES;
				IPHONEOS_DEPLOYMENT_TARGET = 14.5;
				MTL_ENABLE_DEBUG_INFO = NO;
				MTL_FAST_MATH = YES;
				SDKROOT = iphoneos;
				SWIFT_COMPILATION_MODE = wholemodule;
				SWIFT_OPTIMIZATION_LEVEL = "-O";
				VALIDATE_PRODUCT = YES;
			};
			name = Release;
		};
		BCA6B2952693EC27008EAA35 /* Debug */ = {
			isa = XCBuildConfiguration;
			buildSettings = {
				ASSETCATALOG_COMPILER_APPICON_NAME = AppIcon;
				ASSETCATALOG_COMPILER_GLOBAL_ACCENT_COLOR_NAME = AccentColor;
				CODE_SIGN_STYLE = Automatic;
				DEVELOPMENT_TEAM = AU73NM66Z8;
				INFOPLIST_FILE = DesignPatterns/Info.plist;
				LD_RUNPATH_SEARCH_PATHS = (
					"$(inherited)",
					"@executable_path/Frameworks",
				);
				PRODUCT_BUNDLE_IDENTIFIER = com.suraam.DesignPatterns;
				PRODUCT_NAME = "$(TARGET_NAME)";
				SWIFT_VERSION = 5.0;
				TARGETED_DEVICE_FAMILY = "1,2";
			};
			name = Debug;
		};
		BCA6B2962693EC27008EAA35 /* Release */ = {
			isa = XCBuildConfiguration;
			buildSettings = {
				ASSETCATALOG_COMPILER_APPICON_NAME = AppIcon;
				ASSETCATALOG_COMPILER_GLOBAL_ACCENT_COLOR_NAME = AccentColor;
				CODE_SIGN_STYLE = Automatic;
				DEVELOPMENT_TEAM = AU73NM66Z8;
				INFOPLIST_FILE = DesignPatterns/Info.plist;
				LD_RUNPATH_SEARCH_PATHS = (
					"$(inherited)",
					"@executable_path/Frameworks",
				);
				PRODUCT_BUNDLE_IDENTIFIER = com.suraam.DesignPatterns;
				PRODUCT_NAME = "$(TARGET_NAME)";
				SWIFT_VERSION = 5.0;
				TARGETED_DEVICE_FAMILY = "1,2";
			};
			name = Release;
		};
		BCA6B2982693EC27008EAA35 /* Debug */ = {
			isa = XCBuildConfiguration;
			buildSettings = {
				ALWAYS_EMBED_SWIFT_STANDARD_LIBRARIES = YES;
				BUNDLE_LOADER = "$(TEST_HOST)";
				CODE_SIGN_STYLE = Automatic;
				DEVELOPMENT_TEAM = AU73NM66Z8;
				INFOPLIST_FILE = DesignPatternsTests/Info.plist;
				IPHONEOS_DEPLOYMENT_TARGET = 14.5;
				LD_RUNPATH_SEARCH_PATHS = (
					"$(inherited)",
					"@executable_path/Frameworks",
					"@loader_path/Frameworks",
				);
				PRODUCT_BUNDLE_IDENTIFIER = com.suraam.DesignPatternsTests;
				PRODUCT_NAME = "$(TARGET_NAME)";
				SWIFT_VERSION = 5.0;
				TARGETED_DEVICE_FAMILY = "1,2";
				TEST_HOST = "$(BUILT_PRODUCTS_DIR)/DesignPatterns.app/DesignPatterns";
			};
			name = Debug;
		};
		BCA6B2992693EC27008EAA35 /* Release */ = {
			isa = XCBuildConfiguration;
			buildSettings = {
				ALWAYS_EMBED_SWIFT_STANDARD_LIBRARIES = YES;
				BUNDLE_LOADER = "$(TEST_HOST)";
				CODE_SIGN_STYLE = Automatic;
				DEVELOPMENT_TEAM = AU73NM66Z8;
				INFOPLIST_FILE = DesignPatternsTests/Info.plist;
				IPHONEOS_DEPLOYMENT_TARGET = 14.5;
				LD_RUNPATH_SEARCH_PATHS = (
					"$(inherited)",
					"@executable_path/Frameworks",
					"@loader_path/Frameworks",
				);
				PRODUCT_BUNDLE_IDENTIFIER = com.suraam.DesignPatternsTests;
				PRODUCT_NAME = "$(TARGET_NAME)";
				SWIFT_VERSION = 5.0;
				TARGETED_DEVICE_FAMILY = "1,2";
				TEST_HOST = "$(BUILT_PRODUCTS_DIR)/DesignPatterns.app/DesignPatterns";
			};
			name = Release;
		};
		BCA6B29B2693EC27008EAA35 /* Debug */ = {
			isa = XCBuildConfiguration;
			buildSettings = {
				ALWAYS_EMBED_SWIFT_STANDARD_LIBRARIES = YES;
				CODE_SIGN_STYLE = Automatic;
				DEVELOPMENT_TEAM = AU73NM66Z8;
				INFOPLIST_FILE = DesignPatternsUITests/Info.plist;
				LD_RUNPATH_SEARCH_PATHS = (
					"$(inherited)",
					"@executable_path/Frameworks",
					"@loader_path/Frameworks",
				);
				PRODUCT_BUNDLE_IDENTIFIER = com.suraam.DesignPatternsUITests;
				PRODUCT_NAME = "$(TARGET_NAME)";
				SWIFT_VERSION = 5.0;
				TARGETED_DEVICE_FAMILY = "1,2";
				TEST_TARGET_NAME = DesignPatterns;
			};
			name = Debug;
		};
		BCA6B29C2693EC27008EAA35 /* Release */ = {
			isa = XCBuildConfiguration;
			buildSettings = {
				ALWAYS_EMBED_SWIFT_STANDARD_LIBRARIES = YES;
				CODE_SIGN_STYLE = Automatic;
				DEVELOPMENT_TEAM = AU73NM66Z8;
				INFOPLIST_FILE = DesignPatternsUITests/Info.plist;
				LD_RUNPATH_SEARCH_PATHS = (
					"$(inherited)",
					"@executable_path/Frameworks",
					"@loader_path/Frameworks",
				);
				PRODUCT_BUNDLE_IDENTIFIER = com.suraam.DesignPatternsUITests;
				PRODUCT_NAME = "$(TARGET_NAME)";
				SWIFT_VERSION = 5.0;
				TARGETED_DEVICE_FAMILY = "1,2";
				TEST_TARGET_NAME = DesignPatterns;
			};
			name = Release;
		};
/* End XCBuildConfiguration section */

/* Begin XCConfigurationList section */
		BCA6B2652693EC21008EAA35 /* Build configuration list for PBXProject "DesignPatterns" */ = {
			isa = XCConfigurationList;
			buildConfigurations = (
				BCA6B2922693EC27008EAA35 /* Debug */,
				BCA6B2932693EC27008EAA35 /* Release */,
			);
			defaultConfigurationIsVisible = 0;
			defaultConfigurationName = Release;
		};
		BCA6B2942693EC27008EAA35 /* Build configuration list for PBXNativeTarget "DesignPatterns" */ = {
			isa = XCConfigurationList;
			buildConfigurations = (
				BCA6B2952693EC27008EAA35 /* Debug */,
				BCA6B2962693EC27008EAA35 /* Release */,
			);
			defaultConfigurationIsVisible = 0;
			defaultConfigurationName = Release;
		};
		BCA6B2972693EC27008EAA35 /* Build configuration list for PBXNativeTarget "DesignPatternsTests" */ = {
			isa = XCConfigurationList;
			buildConfigurations = (
				BCA6B2982693EC27008EAA35 /* Debug */,
				BCA6B2992693EC27008EAA35 /* Release */,
			);
			defaultConfigurationIsVisible = 0;
			defaultConfigurationName = Release;
		};
		BCA6B29A2693EC27008EAA35 /* Build configuration list for PBXNativeTarget "DesignPatternsUITests" */ = {
			isa = XCConfigurationList;
			buildConfigurations = (
				BCA6B29B2693EC27008EAA35 /* Debug */,
				BCA6B29C2693EC27008EAA35 /* Release */,
			);
			defaultConfigurationIsVisible = 0;
			defaultConfigurationName = Release;
		};
/* End XCConfigurationList section */
	};
	rootObject = BCA6B2622693EC21008EAA35 /* Project object */;
}
